Microsoft Visual Studio Solution File, Format Version 12.00
# Visual Studio 2012
Project("{FAE04EC0-301F-11D3-BF4B-00C04F79EFBC}") = "Bee Idle", "Bee Idle.csproj", "{68E82521-0B66-4C98-8031-01304B122501}"
EndProject
Global
	GlobalSection(SolutionConfigurationPlatforms) = preSolution
	Debug|Any CPU = Debug|Any CPU
	ExportDebug|Any CPU = ExportDebug|Any CPU
	ExportRelease|Any CPU = ExportRelease|Any CPU
	EndGlobalSection
	GlobalSection(ProjectConfigurationPlatforms) = postSolution
		{68E82521-0B66-4C98-8031-01304B122501}.Debug|Any CPU.ActiveCfg = Debug|Any CPU
		{68E82521-0B66-4C98-8031-01304B122501}.Debug|Any CPU.Build.0 = Debug|Any CPU
		{68E82521-0B66-4C98-8031-01304B122501}.ExportDebug|Any CPU.ActiveCfg = ExportDebug|Any CPU
		{68E82521-0B66-4C98-8031-01304B122501}.ExportDebug|Any CPU.Build.0 = ExportDebug|Any CPU
		{68E82521-0B66-4C98-8031-01304B122501}.ExportRelease|Any CPU.ActiveCfg = ExportRelease|Any CPU
		{68E82521-0B66-4C98-8031-01304B122501}.ExportRelease|Any CPU.Build.0 = ExportRelease|Any CPU
	EndGlobalSection
EndGlobal
